
Microsoft Visual Studio Solution File, Format Version 12.00
# Visual Studio Version 17
VisualStudioVersion = 17.0.32126.317
MinimumVisualStudioVersion = 10.0.40219.1
Project("{FAE04EC0-301F-11D3-BF4B-00C04F79EFBC}") = "GeneralInsuranceFinal", "GeneralInsuranceFinal\GeneralInsuranceFinal.csproj", "{BED6413B-E363-46BC-B528-FF9D6066D4B0}"
EndProject
Global
	GlobalSection(SolutionConfigurationPlatforms) = preSolution
		Debug|Any CPU = Debug|Any CPU
		Release|Any CPU = Release|Any CPU
	EndGlobalSection
	GlobalSection(ProjectConfigurationPlatforms) = postSolution
		{BED6413B-E363-46BC-B528-FF9D6066D4B0}.Debug|Any CPU.ActiveCfg = Debug|Any CPU
		{BED6413B-E363-46BC-B528-FF9D6066D4B0}.Debug|Any CPU.Build.0 = Debug|Any CPU
		{BED6413B-E363-46BC-B528-FF9D6066D4B0}.Release|Any CPU.ActiveCfg = Release|Any CPU
		{BED6413B-E363-46BC-B528-FF9D6066D4B0}.Release|Any CPU.Build.0 = Release|Any CPU
	EndGlobalSection
	GlobalSection(SolutionProperties) = preSolution
		HideSolutionNode = FALSE
	EndGlobalSection
	GlobalSection(ExtensibilityGlobals) = postSolution
		SolutionGuid = {47D7610F-91D1-4BB2-9930-5B6A44E0BF6E}
	EndGlobalSection
EndGlobal
